
Microsoft Visual Studio Solution File, Format Version 12.00
# Visual Studio Version 16
VisualStudioVersion = 16.0.29613.14
MinimumVisualStudioVersion = 10.0.40219.1
Project("{9A19103F-16F7-4668-BE54-9A1E7A4F7556}") = "Taxi.Common", "Taxi.Common\Taxi.Common.csproj", "{756A4C5A-889C-4F4A-8810-419B418230D2}"
EndProject
Project("{9A19103F-16F7-4668-BE54-9A1E7A4F7556}") = "Taxi.Web", "Taxi.Web\Taxi.Web.csproj", "{0774D26C-B892-4429-A5B1-CAAF0A2D8ADB}"
EndProject
Project("{9A19103F-16F7-4668-BE54-9A1E7A4F7556}") = "Taxi.Prism", "Taxi.Prism\Taxi.Prism\Taxi.Prism.csproj", "{5FFD4350-DA6E-4E25-916B-BDEABD6647F1}"
EndProject
Project("{FAE04EC0-301F-11D3-BF4B-00C04F79EFBC}") = "Taxi.Prism.Android", "Taxi.Prism\Taxi.Prism.Android\Taxi.Prism.Android.csproj", "{A4CE4801-7E62-446E-BC5A-452E4C1BF30B}"
EndProject
Project("{FAE04EC0-301F-11D3-BF4B-00C04F79EFBC}") = "Taxi.Prism.iOS", "Taxi.Prism\Taxi.Prism.iOS\Taxi.Prism.iOS.csproj", "{45B08441-1EDF-431E-9942-F963E56061D6}"
EndProject
Project("{FAE04EC0-301F-11D3-BF4B-00C04F79EFBC}") = "Taxi.Cross.Android", "Taxi.Cross.Android\Taxi.Cross.Android.csproj", "{1D3604B1-200C-44A1-87F2-42507A83CF0A}"
EndProject
Project("{FAE04EC0-301F-11D3-BF4B-00C04F79EFBC}") = "Taxi.Cross.iOS", "Taxi.Cross.iOS\Taxi.Cross.iOS.csproj", "{C6E5DD53-EC67-4239-95DC-3E863AE5056E}"
EndProject
Global
	GlobalSection(SolutionConfigurationPlatforms) = preSolution
		Ad-Hoc|Any CPU = Ad-Hoc|Any CPU
		Ad-Hoc|iPhone = Ad-Hoc|iPhone
		Ad-Hoc|iPhoneSimulator = Ad-Hoc|iPhoneSimulator
		AppStore|Any CPU = AppStore|Any CPU
		AppStore|iPhone = AppStore|iPhone
		AppStore|iPhoneSimulator = AppStore|iPhoneSimulator
		Debug|Any CPU = Debug|Any CPU
		Debug|iPhone = Debug|iPhone
		Debug|iPhoneSimulator = Debug|iPhoneSimulator
		Release|Any CPU = Release|Any CPU
		Release|iPhone = Release|iPhone
		Release|iPhoneSimulator = Release|iPhoneSimulator
	EndGlobalSection
	GlobalSection(ProjectConfigurationPlatforms) = postSolution
		{756A4C5A-889C-4F4A-8810-419B418230D2}.Ad-Hoc|Any CPU.ActiveCfg = Release|Any CPU
		{756A4C5A-889C-4F4A-8810-419B418230D2}.Ad-Hoc|Any CPU.Build.0 = Release|Any CPU
		{756A4C5A-889C-4F4A-8810-419B418230D2}.Ad-Hoc|iPhone.ActiveCfg = Release|Any CPU
		{756A4C5A-889C-4F4A-8810-419B418230D2}.Ad-Hoc|iPhone.Build.0 = Release|Any CPU
		{756A4C5A-889C-4F4A-8810-419B418230D2}.Ad-Hoc|iPhoneSimulator.ActiveCfg = Release|Any CPU
		{756A4C5A-889C-4F4A-8810-419B418230D2}.Ad-Hoc|iPhoneSimulator.Build.0 = Release|Any CPU
		{756A4C5A-889C-4F4A-8810-419B418230D2}.AppStore|Any CPU.ActiveCfg = Release|Any CPU
		{756A4C5A-889C-4F4A-8810-419B418230D2}.AppStore|Any CPU.Build.0 = Release|Any CPU
		{756A4C5A-889C-4F4A-8810-419B418230D2}.AppStore|iPhone.ActiveCfg = Release|Any CPU
		{756A4C5A-889C-4F4A-8810-419B418230D2}.AppStore|iPhone.Build.0 = Release|Any CPU
		{756A4C5A-889C-4F4A-8810-419B418230D2}.AppStore|iPhoneSimulator.ActiveCfg = Release|Any CPU
		{756A4C5A-889C-4F4A-8810-419B418230D2}.AppStore|iPhoneSimulator.Build.0 = Release|Any CPU
		{756A4C5A-889C-4F4A-8810-419B418230D2}.Debug|Any CPU.ActiveCfg = Debug|Any CPU
		{756A4C5A-889C-4F4A-8810-419B418230D2}.Debug|Any CPU.Build.0 = Debug|Any CPU
		{756A4C5A-889C-4F4A-8810-419B418230D2}.Debug|iPhone.ActiveCfg = Debug|Any CPU
		{756A4C5A-889C-4F4A-8810-419B418230D2}.Debug|iPhone.Build.0 = Debug|Any CPU
		{756A4C5A-889C-4F4A-8810-419B418230D2}.Debug|iPhoneSimulator.ActiveCfg = Debug|Any CPU
		{756A4C5A-889C-4F4A-8810-419B418230D2}.Debug|iPhoneSimulator.Build.0 = Debug|Any CPU
		{756A4C5A-889C-4F4A-8810-419B418230D2}.Release|Any CPU.ActiveCfg = Release|Any CPU
		{756A4C5A-889C-4F4A-8810-419B418230D2}.Release|Any CPU.Build.0 = Release|Any CPU
		{756A4C5A-889C-4F4A-8810-419B418230D2}.Release|iPhone.ActiveCfg = Release|Any CPU
		{756A4C5A-889C-4F4A-8810-419B418230D2}.Release|iPhone.Build.0 = Release|Any CPU
		{756A4C5A-889C-4F4A-8810-419B418230D2}.Release|iPhoneSimulator.ActiveCfg = Release|Any CPU
		{756A4C5A-889C-4F4A-8810-419B418230D2}.Release|iPhoneSimulator.Build.0 = Release|Any CPU
		{0774D26C-B892-4429-A5B1-CAAF0A2D8ADB}.Ad-Hoc|Any CPU.ActiveCfg = Debug|Any CPU
		{0774D26C-B892-4429-A5B1-CAAF0A2D8ADB}.Ad-Hoc|Any CPU.Build.0 = Debug|Any CPU
		{0774D26C-B892-4429-A5B1-CAAF0A2D8ADB}.Ad-Hoc|iPhone.ActiveCfg = Debug|Any CPU
		{0774D26C-B892-4429-A5B1-CAAF0A2D8ADB}.Ad-Hoc|iPhone.Build.0 = Debug|Any CPU
		{0774D26C-B892-4429-A5B1-CAAF0A2D8ADB}.Ad-Hoc|iPhoneSimulator.ActiveCfg = Debug|Any CPU
		{0774D26C-B892-4429-A5B1-CAAF0A2D8ADB}.Ad-Hoc|iPhoneSimulator.Build.0 = Debug|Any CPU
		{0774D26C-B892-4429-A5B1-CAAF0A2D8ADB}.AppStore|Any CPU.ActiveCfg = Debug|Any CPU
		{0774D26C-B892-4429-A5B1-CAAF0A2D8ADB}.AppStore|Any CPU.Build.0 = Debug|Any CPU
		{0774D26C-B892-4429-A5B1-CAAF0A2D8ADB}.AppStore|iPhone.ActiveCfg = Debug|Any CPU
		{0774D26C-B892-4429-A5B1-CAAF0A2D8ADB}.AppStore|iPhone.Build.0 = Debug|Any CPU
		{0774D26C-B892-4429-A5B1-CAAF0A2D8ADB}.AppStore|iPhoneSimulator.ActiveCfg = Debug|Any CPU
		{0774D26C-B892-4429-A5B1-CAAF0A2D8ADB}.AppStore|iPhoneSimulator.Build.0 = Debug|Any CPU
		{0774D26C-B892-4429-A5B1-CAAF0A2D8ADB}.Debug|Any CPU.ActiveCfg = Debug|Any CPU
		{0774D26C-B892-4429-A5B1-CAAF0A2D8ADB}.Debug|Any CPU.Build.0 = Debug|Any CPU
		{0774D26C-B892-4429-A5B1-CAAF0A2D8ADB}.Debug|iPhone.ActiveCfg = Debug|Any CPU
		{0774D26C-B892-4429-A5B1-CAAF0A2D8ADB}.Debug|iPhone.Build.0 = Debug|Any CPU
		{0774D26C-B892-4429-A5B1-CAAF0A2D8ADB}.Debug|iPhoneSimulator.ActiveCfg = Debug|Any CPU
		{0774D26C-B892-4429-A5B1-CAAF0A2D8ADB}.Debug|iPhoneSimulator.Build.0 = Debug|Any CPU
		{0774D26C-B892-4429-A5B1-CAAF0A2D8ADB}.Release|Any CPU.ActiveCfg = Release|Any CPU
		{0774D26C-B892-4429-A5B1-CAAF0A2D8ADB}.Release|Any CPU.Build.0 = Release|Any CPU
		{0774D26C-B892-4429-A5B1-CAAF0A2D8ADB}.Release|iPhone.ActiveCfg = Release|Any CPU
		{0774D26C-B892-4429-A5B1-CAAF0A2D8ADB}.Release|iPhone.Build.0 = Release|Any CPU
		{0774D26C-B892-4429-A5B1-CAAF0A2D8ADB}.Release|iPhoneSimulator.ActiveCfg = Release|Any CPU
		{0774D26C-B892-4429-A5B1-CAAF0A2D8ADB}.Release|iPhoneSimulator.Build.0 = Release|Any CPU
		{5FFD4350-DA6E-4E25-916B-BDEABD6647F1}.Ad-Hoc|Any CPU.ActiveCfg = Debug|Any CPU
		{5FFD4350-DA6E-4E25-916B-BDEABD6647F1}.Ad-Hoc|Any CPU.Build.0 = Debug|Any CPU
		{5FFD4350-DA6E-4E25-916B-BDEABD6647F1}.Ad-Hoc|iPhone.ActiveCfg = Debug|Any CPU
		{5FFD4350-DA6E-4E25-916B-BDEABD6647F1}.Ad-Hoc|iPhone.Build.0 = Debug|Any CPU
		{5FFD4350-DA6E-4E25-916B-BDEABD6647F1}.Ad-Hoc|iPhoneSimulator.ActiveCfg = Debug|Any CPU
		{5FFD4350-DA6E-4E25-916B-BDEABD6647F1}.Ad-Hoc|iPhoneSimulator.Build.0 = Debug|Any CPU
		{5FFD4350-DA6E-4E25-916B-BDEABD6647F1}.AppStore|Any CPU.ActiveCfg = Debug|Any CPU
		{5FFD4350-DA6E-4E25-916B-BDEABD6647F1}.AppStore|Any CPU.Build.0 = Debug|Any CPU
		{5FFD4350-DA6E-4E25-916B-BDEABD6647F1}.AppStore|iPhone.ActiveCfg = Debug|Any CPU
		{5FFD4350-DA6E-4E25-916B-BDEABD6647F1}.AppStore|iPhone.Build.0 = Debug|Any CPU
		{5FFD4350-DA6E-4E25-916B-BDEABD6647F1}.AppStore|iPhoneSimulator.ActiveCfg = Debug|Any CPU
		{5FFD4350-DA6E-4E25-916B-BDEABD6647F1}.AppStore|iPhoneSimulator.Build.0 = Debug|Any CPU
		{5FFD4350-DA6E-4E25-916B-BDEABD6647F1}.Debug|Any CPU.ActiveCfg = Debug|Any CPU
		{5FFD4350-DA6E-4E25-916B-BDEABD6647F1}.Debug|Any CPU.Build.0 = Debug|Any CPU
		{5FFD4350-DA6E-4E25-916B-BDEABD6647F1}.Debug|iPhone.ActiveCfg = Debug|Any CPU
		{5FFD4350-DA6E-4E25-916B-BDEABD6647F1}.Debug|iPhone.Build.0 = Debug|Any CPU
		{5FFD4350-DA6E-4E25-916B-BDEABD6647F1}.Debug|iPhoneSimulator.ActiveCfg = Debug|Any CPU
		{5FFD4350-DA6E-4E25-916B-BDEABD6647F1}.Debug|iPhoneSimulator.Build.0 = Debug|Any CPU
		{5FFD4350-DA6E-4E25-916B-BDEABD6647F1}.Release|Any CPU.ActiveCfg = Release|Any CPU
		{5FFD4350-DA6E-4E25-916B-BDEABD6647F1}.Release|Any CPU.Build.0 = Release|Any CPU
		{5FFD4350-DA6E-4E25-916B-BDEABD6647F1}.Release|iPhone.ActiveCfg = Release|Any CPU
		{5FFD4350-DA6E-4E25-916B-BDEABD6647F1}.Release|iPhone.Build.0 = Release|Any CPU
		{5FFD4350-DA6E-4E25-916B-BDEABD6647F1}.Release|iPhoneSimulator.ActiveCfg = Release|Any CPU
		{5FFD4350-DA6E-4E25-916B-BDEABD6647F1}.Release|iPhoneSimulator.Build.0 = Release|Any CPU
		{A4CE4801-7E62-446E-BC5A-452E4C1BF30B}.Ad-Hoc|Any CPU.ActiveCfg = Release|Any CPU
		{A4CE4801-7E62-446E-BC5A-452E4C1BF30B}.Ad-Hoc|Any CPU.Build.0 = Release|Any CPU
		{A4CE4801-7E62-446E-BC5A-452E4C1BF30B}.Ad-Hoc|Any CPU.Deploy.0 = Release|Any CPU
		{A4CE4801-7E62-446E-BC5A-452E4C1BF30B}.Ad-Hoc|iPhone.ActiveCfg = Release|Any CPU
		{A4CE4801-7E62-446E-BC5A-452E4C1BF30B}.Ad-Hoc|iPhone.Build.0 = Release|Any CPU
		{A4CE4801-7E62-446E-BC5A-452E4C1BF30B}.Ad-Hoc|iPhone.Deploy.0 = Release|Any CPU
		{A4CE4801-7E62-446E-BC5A-452E4C1BF30B}.Ad-Hoc|iPhoneSimulator.ActiveCfg = Release|Any CPU
		{A4CE4801-7E62-446E-BC5A-452E4C1BF30B}.Ad-Hoc|iPhoneSimulator.Build.0 = Release|Any CPU
		{A4CE4801-7E62-446E-BC5A-452E4C1BF30B}.Ad-Hoc|iPhoneSimulator.Deploy.0 = Release|Any CPU
		{A4CE4801-7E62-446E-BC5A-452E4C1BF30B}.AppStore|Any CPU.ActiveCfg = Release|Any CPU
		{A4CE4801-7E62-446E-BC5A-452E4C1BF30B}.AppStore|Any CPU.Build.0 = Release|Any CPU
		{A4CE4801-7E62-446E-BC5A-452E4C1BF30B}.AppStore|Any CPU.Deploy.0 = Release|Any CPU
		{A4CE4801-7E62-446E-BC5A-452E4C1BF30B}.AppStore|iPhone.ActiveCfg = Release|Any CPU
		{A4CE4801-7E62-446E-BC5A-452E4C1BF30B}.AppStore|iPhone.Build.0 = Release|Any CPU
		{A4CE4801-7E62-446E-BC5A-452E4C1BF30B}.AppStore|iPhone.Deploy.0 = Release|Any CPU
		{A4CE4801-7E62-446E-BC5A-452E4C1BF30B}.AppStore|iPhoneSimulator.ActiveCfg = Release|Any CPU
		{A4CE4801-7E62-446E-BC5A-452E4C1BF30B}.AppStore|iPhoneSimulator.Build.0 = Release|Any CPU
		{A4CE4801-7E62-446E-BC5A-452E4C1BF30B}.AppStore|iPhoneSimulator.Deploy.0 = Release|Any CPU
		{A4CE4801-7E62-446E-BC5A-452E4C1BF30B}.Debug|Any CPU.ActiveCfg = Debug|Any CPU
		{A4CE4801-7E62-446E-BC5A-452E4C1BF30B}.Debug|Any CPU.Build.0 = Debug|Any CPU
		{A4CE4801-7E62-446E-BC5A-452E4C1BF30B}.Debug|Any CPU.Deploy.0 = Debug|Any CPU
		{A4CE4801-7E62-446E-BC5A-452E4C1BF30B}.Debug|iPhone.ActiveCfg = Debug|Any CPU
		{A4CE4801-7E62-446E-BC5A-452E4C1BF30B}.Debug|iPhone.Build.0 = Debug|Any CPU
		{A4CE4801-7E62-446E-BC5A-452E4C1BF30B}.Debug|iPhone.Deploy.0 = Debug|Any CPU
		{A4CE4801-7E62-446E-BC5A-452E4C1BF30B}.Debug|iPhoneSimulator.ActiveCfg = Debug|Any CPU
		{A4CE4801-7E62-446E-BC5A-452E4C1BF30B}.Debug|iPhoneSimulator.Build.0 = Debug|Any CPU
		{A4CE4801-7E62-446E-BC5A-452E4C1BF30B}.Debug|iPhoneSimulator.Deploy.0 = Debug|Any CPU
		{A4CE4801-7E62-446E-BC5A-452E4C1BF30B}.Release|Any CPU.ActiveCfg = Release|Any CPU
		{A4CE4801-7E62-446E-BC5A-452E4C1BF30B}.Release|Any CPU.Build.0 = Release|Any CPU
		{A4CE4801-7E62-446E-BC5A-452E4C1BF30B}.Release|Any CPU.Deploy.0 = Release|Any CPU
		{A4CE4801-7E62-446E-BC5A-452E4C1BF30B}.Release|iPhone.ActiveCfg = Release|Any CPU
		{A4CE4801-7E62-446E-BC5A-452E4C1BF30B}.Release|iPhone.Build.0 = Release|Any CPU
		{A4CE4801-7E62-446E-BC5A-452E4C1BF30B}.Release|iPhone.Deploy.0 = Release|Any CPU
		{A4CE4801-7E62-446E-BC5A-452E4C1BF30B}.Release|iPhoneSimulator.ActiveCfg = Release|Any CPU
		{A4CE4801-7E62-446E-BC5A-452E4C1BF30B}.Release|iPhoneSimulator.Build.0 = Release|Any CPU
		{A4CE4801-7E62-446E-BC5A-452E4C1BF30B}.Release|iPhoneSimulator.Deploy.0 = Release|Any CPU
		{45B08441-1EDF-431E-9942-F963E56061D6}.Ad-Hoc|Any CPU.ActiveCfg = Ad-Hoc|iPhone
		{45B08441-1EDF-431E-9942-F963E56061D6}.Ad-Hoc|iPhone.ActiveCfg = Ad-Hoc|iPhone
		{45B08441-1EDF-431E-9942-F963E56061D6}.Ad-Hoc|iPhone.Build.0 = Ad-Hoc|iPhone
		{45B08441-1EDF-431E-9942-F963E56061D6}.Ad-Hoc|iPhoneSimulator.ActiveCfg = Ad-Hoc|iPhoneSimulator
		{45B08441-1EDF-431E-9942-F963E56061D6}.Ad-Hoc|iPhoneSimulator.Build.0 = Ad-Hoc|iPhoneSimulator
		{45B08441-1EDF-431E-9942-F963E56061D6}.AppStore|Any CPU.ActiveCfg = AppStore|iPhone
		{45B08441-1EDF-431E-9942-F963E56061D6}.AppStore|iPhone.ActiveCfg = AppStore|iPhone
		{45B08441-1EDF-431E-9942-F963E56061D6}.AppStore|iPhone.Build.0 = AppStore|iPhone
		{45B08441-1EDF-431E-9942-F963E56061D6}.AppStore|iPhoneSimulator.ActiveCfg = AppStore|iPhoneSimulator
		{45B08441-1EDF-431E-9942-F963E56061D6}.AppStore|iPhoneSimulator.Build.0 = AppStore|iPhoneSimulator
		{45B08441-1EDF-431E-9942-F963E56061D6}.Debug|Any CPU.ActiveCfg = Debug|iPhone
		{45B08441-1EDF-431E-9942-F963E56061D6}.Debug|iPhone.ActiveCfg = Debug|iPhone
		{45B08441-1EDF-431E-9942-F963E56061D6}.Debug|iPhone.Build.0 = Debug|iPhone
		{45B08441-1EDF-431E-9942-F963E56061D6}.Debug|iPhoneSimulator.ActiveCfg = Debug|iPhoneSimulator
		{45B08441-1EDF-431E-9942-F963E56061D6}.Debug|iPhoneSimulator.Build.0 = Debug|iPhoneSimulator
		{45B08441-1EDF-431E-9942-F963E56061D6}.Release|Any CPU.ActiveCfg = Release|iPhone
		{45B08441-1EDF-431E-9942-F963E56061D6}.Release|iPhone.ActiveCfg = Release|iPhone
		{45B08441-1EDF-431E-9942-F963E56061D6}.Release|iPhone.Build.0 = Release|iPhone
		{45B08441-1EDF-431E-9942-F963E56061D6}.Release|iPhoneSimulator.ActiveCfg = Release|iPhoneSimulator
		{45B08441-1EDF-431E-9942-F963E56061D6}.Release|iPhoneSimulator.Build.0 = Release|iPhoneSimulator
		{1D3604B1-200C-44A1-87F2-42507A83CF0A}.Ad-Hoc|Any CPU.ActiveCfg = Release|Any CPU
		{1D3604B1-200C-44A1-87F2-42507A83CF0A}.Ad-Hoc|Any CPU.Build.0 = Release|Any CPU
		{1D3604B1-200C-44A1-87F2-42507A83CF0A}.Ad-Hoc|Any CPU.Deploy.0 = Release|Any CPU
		{1D3604B1-200C-44A1-87F2-42507A83CF0A}.Ad-Hoc|iPhone.ActiveCfg = Release|Any CPU
		{1D3604B1-200C-44A1-87F2-42507A83CF0A}.Ad-Hoc|iPhone.Build.0 = Release|Any CPU
		{1D3604B1-200C-44A1-87F2-42507A83CF0A}.Ad-Hoc|iPhone.Deploy.0 = Release|Any CPU
		{1D3604B1-200C-44A1-87F2-42507A83CF0A}.Ad-Hoc|iPhoneSimulator.ActiveCfg = Release|Any CPU
		{1D3604B1-200C-44A1-87F2-42507A83CF0A}.Ad-Hoc|iPhoneSimulator.Build.0 = Release|Any CPU
		{1D3604B1-200C-44A1-87F2-42507A83CF0A}.Ad-Hoc|iPhoneSimulator.Deploy.0 = Release|Any CPU
		{1D3604B1-200C-44A1-87F2-42507A83CF0A}.AppStore|Any CPU.ActiveCfg = Release|Any CPU
		{1D3604B1-200C-44A1-87F2-42507A83CF0A}.AppStore|Any CPU.Build.0 = Release|Any CPU
		{1D3604B1-200C-44A1-87F2-42507A83CF0A}.AppStore|Any CPU.Deploy.0 = Release|Any CPU
		{1D3604B1-200C-44A1-87F2-42507A83CF0A}.AppStore|iPhone.ActiveCfg = Release|Any CPU
		{1D3604B1-200C-44A1-87F2-42507A83CF0A}.AppStore|iPhone.Build.0 = Release|Any CPU
		{1D3604B1-200C-44A1-87F2-42507A83CF0A}.AppStore|iPhone.Deploy.0 = Release|Any CPU
		{1D3604B1-200C-44A1-87F2-42507A83CF0A}.AppStore|iPhoneSimulator.ActiveCfg = Release|Any CPU
		{1D3604B1-200C-44A1-87F2-42507A83CF0A}.AppStore|iPhoneSimulator.Build.0 = Release|Any CPU
		{1D3604B1-200C-44A1-87F2-42507A83CF0A}.AppStore|iPhoneSimulator.Deploy.0 = Release|Any CPU
		{1D3604B1-200C-44A1-87F2-42507A83CF0A}.Debug|Any CPU.ActiveCfg = Debug|Any CPU
		{1D3604B1-200C-44A1-87F2-42507A83CF0A}.Debug|Any CPU.Build.0 = Debug|Any CPU
		{1D3604B1-200C-44A1-87F2-42507A83CF0A}.Debug|Any CPU.Deploy.0 = Debug|Any CPU
		{1D3604B1-200C-44A1-87F2-42507A83CF0A}.Debug|iPhone.ActiveCfg = Debug|Any CPU
		{1D3604B1-200C-44A1-87F2-42507A83CF0A}.Debug|iPhone.Build.0 = Debug|Any CPU
		{1D3604B1-200C-44A1-87F2-42507A83CF0A}.Debug|iPhone.Deploy.0 = Debug|Any CPU
		{1D3604B1-200C-44A1-87F2-42507A83CF0A}.Debug|iPhoneSimulator.ActiveCfg = Debug|Any CPU
		{1D3604B1-200C-44A1-87F2-42507A83CF0A}.Debug|iPhoneSimulator.Build.0 = Debug|Any CPU
		{1D3604B1-200C-44A1-87F2-42507A83CF0A}.Debug|iPhoneSimulator.Deploy.0 = Debug|Any CPU
		{1D3604B1-200C-44A1-87F2-42507A83CF0A}.Release|Any CPU.ActiveCfg = Release|Any CPU
		{1D3604B1-200C-44A1-87F2-42507A83CF0A}.Release|Any CPU.Build.0 = Release|Any CPU
		{1D3604B1-200C-44A1-87F2-42507A83CF0A}.Release|Any CPU.Deploy.0 = Release|Any CPU
		{1D3604B1-200C-44A1-87F2-42507A83CF0A}.Release|iPhone.ActiveCfg = Release|Any CPU
		{1D3604B1-200C-44A1-87F2-42507A83CF0A}.Release|iPhone.Build.0 = Release|Any CPU
		{1D3604B1-200C-44A1-87F2-42507A83CF0A}.Release|iPhone.Deploy.0 = Release|Any CPU
		{1D3604B1-200C-44A1-87F2-42507A83CF0A}.Release|iPhoneSimulator.ActiveCfg = Release|Any CPU
		{1D3604B1-200C-44A1-87F2-42507A83CF0A}.Release|iPhoneSimulator.Build.0 = Release|Any CPU
		{1D3604B1-200C-44A1-87F2-42507A83CF0A}.Release|iPhoneSimulator.Deploy.0 = Release|Any CPU
		{C6E5DD53-EC67-4239-95DC-3E863AE5056E}.Ad-Hoc|Any CPU.ActiveCfg = Release|iPhone
		{C6E5DD53-EC67-4239-95DC-3E863AE5056E}.Ad-Hoc|Any CPU.Build.0 = Release|iPhone
		{C6E5DD53-EC67-4239-95DC-3E863AE5056E}.Ad-Hoc|iPhone.ActiveCfg = Release|iPhone
		{C6E5DD53-EC67-4239-95DC-3E863AE5056E}.Ad-Hoc|iPhone.Build.0 = Release|iPhone
		{C6E5DD53-EC67-4239-95DC-3E863AE5056E}.Ad-Hoc|iPhoneSimulator.ActiveCfg = Release|iPhoneSimulator
		{C6E5DD53-EC67-4239-95DC-3E863AE5056E}.Ad-Hoc|iPhoneSimulator.Build.0 = Release|iPhoneSimulator
		{C6E5DD53-EC67-4239-95DC-3E863AE5056E}.AppStore|Any CPU.ActiveCfg = Release|iPhone
		{C6E5DD53-EC67-4239-95DC-3E863AE5056E}.AppStore|Any CPU.Build.0 = Release|iPhone
		{C6E5DD53-EC67-4239-95DC-3E863AE5056E}.AppStore|iPhone.ActiveCfg = Release|iPhone
		{C6E5DD53-EC67-4239-95DC-3E863AE5056E}.AppStore|iPhone.Build.0 = Release|iPhone
		{C6E5DD53-EC67-4239-95DC-3E863AE5056E}.AppStore|iPhoneSimulator.ActiveCfg = Release|iPhoneSimulator
		{C6E5DD53-EC67-4239-95DC-3E863AE5056E}.AppStore|iPhoneSimulator.Build.0 = Release|iPhoneSimulator
		{C6E5DD53-EC67-4239-95DC-3E863AE5056E}.Debug|Any CPU.ActiveCfg = Debug|iPhone
		{C6E5DD53-EC67-4239-95DC-3E863AE5056E}.Debug|iPhone.ActiveCfg = Debug|iPhone
		{C6E5DD53-EC67-4239-95DC-3E863AE5056E}.Debug|iPhone.Build.0 = Debug|iPhone
		{C6E5DD53-EC67-4239-95DC-3E863AE5056E}.Debug|iPhoneSimulator.ActiveCfg = Debug|iPhoneSimulator
		{C6E5DD53-EC67-4239-95DC-3E863AE5056E}.Debug|iPhoneSimulator.Build.0 = Debug|iPhoneSimulator
		{C6E5DD53-EC67-4239-95DC-3E863AE5056E}.Release|Any CPU.ActiveCfg = Release|iPhone
		{C6E5DD53-EC67-4239-95DC-3E863AE5056E}.Release|iPhone.ActiveCfg = Release|iPhone
		{C6E5DD53-EC67-4239-95DC-3E863AE5056E}.Release|iPhone.Build.0 = Release|iPhone
		{C6E5DD53-EC67-4239-95DC-3E863AE5056E}.Release|iPhoneSimulator.ActiveCfg = Release|iPhoneSimulator
		{C6E5DD53-EC67-4239-95DC-3E863AE5056E}.Release|iPhoneSimulator.Build.0 = Release|iPhoneSimulator
	EndGlobalSection
	GlobalSection(SolutionProperties) = preSolution
		HideSolutionNode = FALSE
	EndGlobalSection
	GlobalSection(ExtensibilityGlobals) = postSolution
		SolutionGuid = {C07D06BB-D889-4117-BE8D-905E914DB2CC}
	EndGlobalSection
EndGlobal
